
Microsoft Visual Studio Solution File, Format Version 12.00
# Visual Studio Version 17
VisualStudioVersion = 17.0.31903.59
MinimumVisualStudioVersion = 10.0.40219.1
Project("{2150E333-8FDC-42A3-9474-1A3956D46DE8}") = "src", "src", "{684C7364-CAAE-4527-BA81-55DB34E675A0}"
EndProject
Project("{FAE04EC0-301F-11D3-BF4B-00C04F79EFBC}") = "CoreWebapiAzure", "src\CoreWebapiAzure\CoreWebapiAzure.csproj", "{9E8F8AEB-B9FA-4433-A689-36E8414FB8B4}"
EndProject
Project("{2150E333-8FDC-42A3-9474-1A3956D46DE8}") = "test", "test", "{A7A3359A-9D9F-4000-A1F3-6FC633D03304}"
EndProject
Project("{FAE04EC0-301F-11D3-BF4B-00C04F79EFBC}") = "CoreWebapiAzure.Test", "test\CoreWebapiAzure.Test\CoreWebapiAzure.Test.csproj", "{ED0FEC84-50E5-461C-B996-2F97035808F7}"
EndProject
Global
	GlobalSection(SolutionConfigurationPlatforms) = preSolution
		Debug|Any CPU = Debug|Any CPU
		Release|Any CPU = Release|Any CPU
	EndGlobalSection
	GlobalSection(SolutionProperties) = preSolution
		HideSolutionNode = FALSE
	EndGlobalSection
	GlobalSection(ProjectConfigurationPlatforms) = postSolution
		{9E8F8AEB-B9FA-4433-A689-36E8414FB8B4}.Debug|Any CPU.ActiveCfg = Debug|Any CPU
		{9E8F8AEB-B9FA-4433-A689-36E8414FB8B4}.Debug|Any CPU.Build.0 = Debug|Any CPU
		{9E8F8AEB-B9FA-4433-A689-36E8414FB8B4}.Release|Any CPU.ActiveCfg = Release|Any CPU
		{9E8F8AEB-B9FA-4433-A689-36E8414FB8B4}.Release|Any CPU.Build.0 = Release|Any CPU
		{ED0FEC84-50E5-461C-B996-2F97035808F7}.Debug|Any CPU.ActiveCfg = Debug|Any CPU
		{ED0FEC84-50E5-461C-B996-2F97035808F7}.Debug|Any CPU.Build.0 = Debug|Any CPU
		{ED0FEC84-50E5-461C-B996-2F97035808F7}.Release|Any CPU.ActiveCfg = Release|Any CPU
		{ED0FEC84-50E5-461C-B996-2F97035808F7}.Release|Any CPU.Build.0 = Release|Any CPU
	EndGlobalSection
	GlobalSection(NestedProjects) = preSolution
		{9E8F8AEB-B9FA-4433-A689-36E8414FB8B4} = {684C7364-CAAE-4527-BA81-55DB34E675A0}
		{ED0FEC84-50E5-461C-B996-2F97035808F7} = {A7A3359A-9D9F-4000-A1F3-6FC633D03304}
	EndGlobalSection
EndGlobal
